
Microsoft Visual Studio Solution File, Format Version 10.00
# Visual Studio 2008
Project("{2857B73E-F847-4B02-9238-064979017E93}") = "hw2", "hw2\hw2.cproj", "{C00B3CBC-A347-4019-87D5-EA7001F3B3DD}"
EndProject
Global
	GlobalSection(SolutionConfigurationPlatforms) = preSolution
		Debug|Any CPU = Debug|Any CPU
		Release|Any CPU = Release|Any CPU
	EndGlobalSection
	GlobalSection(ProjectConfigurationPlatforms) = postSolution
		{C00B3CBC-A347-4019-87D5-EA7001F3B3DD}.Debug|Any CPU.ActiveCfg = Debug|Any CPU
		{C00B3CBC-A347-4019-87D5-EA7001F3B3DD}.Debug|Any CPU.Build.0 = Debug|Any CPU
		{C00B3CBC-A347-4019-87D5-EA7001F3B3DD}.Release|Any CPU.ActiveCfg = Release|Any CPU
		{C00B3CBC-A347-4019-87D5-EA7001F3B3DD}.Release|Any CPU.Build.0 = Release|Any CPU
	EndGlobalSection
	GlobalSection(MonoDevelopProperties) = preSolution
		StartupItem = hw2\hw2.cproj
	EndGlobalSection
EndGlobal
